
Microsoft Visual Studio Solution File, Format Version 12.00
# Visual Studio Version 17
VisualStudioVersion = 17.10.35122.118
MinimumVisualStudioVersion = 10.0.40219.1
Project("{FAE04EC0-301F-11D3-BF4B-00C04F79EFBC}") = "EGM_Analyzer", "EGM_Analyzer\EGM_Analyzer.csproj", "{66958A29-F842-47F9-9961-8F2B78C78349}"
EndProject
Global
	GlobalSection(SolutionConfigurationPlatforms) = preSolution
		Debug|Any CPU = Debug|Any CPU
		Release|Any CPU = Release|Any CPU
	EndGlobalSection
	GlobalSection(ProjectConfigurationPlatforms) = postSolution
		{66958A29-F842-47F9-9961-8F2B78C78349}.Debug|Any CPU.ActiveCfg = Debug|Any CPU
		{66958A29-F842-47F9-9961-8F2B78C78349}.Debug|Any CPU.Build.0 = Debug|Any CPU
		{66958A29-F842-47F9-9961-8F2B78C78349}.Release|Any CPU.ActiveCfg = Release|Any CPU
		{66958A29-F842-47F9-9961-8F2B78C78349}.Release|Any CPU.Build.0 = Release|Any CPU
	EndGlobalSection
	GlobalSection(SolutionProperties) = preSolution
		HideSolutionNode = FALSE
	EndGlobalSection
	GlobalSection(ExtensibilityGlobals) = postSolution
		SolutionGuid = {513FEFF0-7213-4071-BCFF-0AAF2223ACC6}
	EndGlobalSection
EndGlobal
